{
  "nodes": {
    "home-manager": {
      "inputs": {
        "nixpkgs": [
          "nixpkgs"
        ]
      },
      "locked": {
        "lastModified": 1768984719,
        "narHash": "sha256-O6nXCW9FN39qw204e5Nl3qgaxKFcSvdpx0bULqfwyTA=",
        "owner": "nix-community",
        "repo": "home-manager",
        "rev": "d6e3935ec6e43c8f54cd0132276c82d951e1453e",
        "type": "github"
      },
      "original": {
        "owner": "nix-community",
        "repo": "home-manager",
        "type": "github"
      }
    },
    "nixpkgs": {
      "locked": {
        "lastModified": 1768875095,
        "narHash": "sha256-XH6awru9NnBc/m+2YhRNT8r1PAKEiPGF3gs//F3ods0=",
        "rev": "ed142ab1b3a092c4d149245d0c4126a5d7ea00b0",
        "type": "tarball",
        "url": "https://releases.nixos.org/nixpkgs/nixpkgs-26.05pre930822.ed142ab1b3a0/nixexprs.tar.xz"
      },
      "original": {
        "type": "tarball",
        "url": "https://channels.nixos.org/nixpkgs-unstable/nixexprs.tar.xz"
      }
    },
    "root": {
      "inputs": {
        "home-manager": "home-manager",
        "nixpkgs": "nixpkgs"
      }
    }
  },
  "root": "root",
  "version": 7
}
