{
  "nodes": {
    "home-manager": {
      "inputs": {
        "nixpkgs": [
          "nixpkgs"
        ]
      },
      "locked": {
        "lastModified": 1764736867,
        "narHash": "sha256-Q/+03EAvtzCbhGXv7yLsYh+pXIzLUgibpQKxo5CI2bk=",
        "owner": "nix-community",
        "repo": "home-manager",
        "rev": "bcc7afa1d873ead5932fbb4d42f1916a9627c084",
        "type": "github"
      },
      "original": {
        "owner": "nix-community",
        "repo": "home-manager",
        "type": "github"
      }
    },
    "nixpkgs": {
      "locked": {
        "lastModified": 1764642553,
        "narHash": "sha256-4bdSI51wM5D29KfMM1vu4gNEwZMNsg9WMtZIABmExB4=",
        "rev": "f720de59066162ee879adcc8c79e15c51fe6bfb4",
        "type": "tarball",
        "url": "https://releases.nixos.org/nixpkgs/nixpkgs-26.05pre905319.f720de590661/nixexprs.tar.xz"
      },
      "original": {
        "type": "tarball",
        "url": "https://channels.nixos.org/nixpkgs-unstable/nixexprs.tar.xz"
      }
    },
    "root": {
      "inputs": {
        "home-manager": "home-manager",
        "nixpkgs": "nixpkgs"
      }
    }
  },
  "root": "root",
  "version": 7
}
