{
  "nodes": {
    "home-manager": {
      "inputs": {
        "nixpkgs": [
          "nixpkgs"
        ]
      },
      "locked": {
        "lastModified": 1763906693,
        "narHash": "sha256-inm7paa3myo8gE4TzjM8OPvsEg8xocWreIZBgBPEKgo=",
        "owner": "nix-community",
        "repo": "home-manager",
        "rev": "3d6c1c8fa0bea3a1a7ba23d6fa5993116766073b",
        "type": "github"
      },
      "original": {
        "owner": "nix-community",
        "repo": "home-manager",
        "type": "github"
      }
    },
    "nixpkgs": {
      "locked": {
        "lastModified": 1763618868,
        "narHash": "sha256-VxBpjxTZnQnyn+VPlaHvLdpQs7rIYV6j0RL0r2mf3TA=",
        "rev": "a8d610af3f1a5fb71e23e08434d8d61a466fc942",
        "type": "tarball",
        "url": "https://releases.nixos.org/nixpkgs/nixpkgs-25.11pre898874.a8d610af3f1a/nixexprs.tar.xz"
      },
      "original": {
        "type": "tarball",
        "url": "https://channels.nixos.org/nixpkgs-unstable/nixexprs.tar.xz"
      }
    },
    "root": {
      "inputs": {
        "home-manager": "home-manager",
        "nixpkgs": "nixpkgs"
      }
    }
  },
  "root": "root",
  "version": 7
}
